
Microsoft Visual Studio Solution File, Format Version 12.00
# Visual Studio Version 16
VisualStudioVersion = 16.0.31321.278
MinimumVisualStudioVersion = 10.0.40219.1
Project("{FAE04EC0-301F-11D3-BF4B-00C04F79EFBC}") = "ReadingLogCreator.App", "ReadingLogCreator.App\ReadingLogCreator.App.csproj", "{F4218576-6528-44CF-B70F-BF1C00DC797A}"
EndProject
Project("{FAE04EC0-301F-11D3-BF4B-00C04F79EFBC}") = "ReadingLogCreator.API", "ReadingLogCreator.API\ReadingLogCreator.API.csproj", "{3C9CC124-0C99-4949-9D5F-AE0BCDB791AD}"
EndProject
Global
	GlobalSection(SolutionConfigurationPlatforms) = preSolution
		Debug|Any CPU = Debug|Any CPU
		Release|Any CPU = Release|Any CPU
	EndGlobalSection
	GlobalSection(ProjectConfigurationPlatforms) = postSolution
		{F4218576-6528-44CF-B70F-BF1C00DC797A}.Debug|Any CPU.ActiveCfg = Debug|Any CPU
		{F4218576-6528-44CF-B70F-BF1C00DC797A}.Debug|Any CPU.Build.0 = Debug|Any CPU
		{F4218576-6528-44CF-B70F-BF1C00DC797A}.Release|Any CPU.ActiveCfg = Release|Any CPU
		{F4218576-6528-44CF-B70F-BF1C00DC797A}.Release|Any CPU.Build.0 = Release|Any CPU
		{3C9CC124-0C99-4949-9D5F-AE0BCDB791AD}.Debug|Any CPU.ActiveCfg = Debug|Any CPU
		{3C9CC124-0C99-4949-9D5F-AE0BCDB791AD}.Debug|Any CPU.Build.0 = Debug|Any CPU
		{3C9CC124-0C99-4949-9D5F-AE0BCDB791AD}.Release|Any CPU.ActiveCfg = Release|Any CPU
		{3C9CC124-0C99-4949-9D5F-AE0BCDB791AD}.Release|Any CPU.Build.0 = Release|Any CPU
	EndGlobalSection
	GlobalSection(SolutionProperties) = preSolution
		HideSolutionNode = FALSE
	EndGlobalSection
	GlobalSection(ExtensibilityGlobals) = postSolution
		SolutionGuid = {AF672BBA-7771-40B1-AA78-DEFFAC8D1C8E}
	EndGlobalSection
EndGlobal
